
Microsoft Visual Studio Solution File, Format Version 12.00
# Visual Studio Version 17
VisualStudioVersion = 17.8.34330.188
MinimumVisualStudioVersion = 10.0.40219.1
Project("{FAE04EC0-301F-11D3-BF4B-00C04F79EFBC}") = "HouseFinances", "HouseFinances.csproj", "{FA50A3C8-7F3B-4107-976C-DD51159321A4}"
EndProject
Global
	GlobalSection(SolutionConfigurationPlatforms) = preSolution
		Debug|Any CPU = Debug|Any CPU
		Release|Any CPU = Release|Any CPU
	EndGlobalSection
	GlobalSection(ProjectConfigurationPlatforms) = postSolution
		{FA50A3C8-7F3B-4107-976C-DD51159321A4}.Debug|Any CPU.ActiveCfg = Debug|Any CPU
		{FA50A3C8-7F3B-4107-976C-DD51159321A4}.Debug|Any CPU.Build.0 = Debug|Any CPU
		{FA50A3C8-7F3B-4107-976C-DD51159321A4}.Release|Any CPU.ActiveCfg = Release|Any CPU
		{FA50A3C8-7F3B-4107-976C-DD51159321A4}.Release|Any CPU.Build.0 = Release|Any CPU
	EndGlobalSection
	GlobalSection(SolutionProperties) = preSolution
		HideSolutionNode = FALSE
	EndGlobalSection
	GlobalSection(ExtensibilityGlobals) = postSolution
		SolutionGuid = {30AD4BA5-1FBA-456B-9BAB-4E5B45B2217C}
	EndGlobalSection
EndGlobal
